
Microsoft Visual Studio Solution File, Format Version 12.00
# Visual Studio Version 16
VisualStudioVersion = 16.0.31624.102
MinimumVisualStudioVersion = 10.0.40219.1
Project("{FAE04EC0-301F-11D3-BF4B-00C04F79EFBC}") = "PhoneBook", "PhoneBook\PhoneBook.csproj", "{36562A27-1C26-4DA8-9969-DCFC850AFC2E}"
EndProject
Global
	GlobalSection(SolutionConfigurationPlatforms) = preSolution
		Debug|Any CPU = Debug|Any CPU
		Release|Any CPU = Release|Any CPU
	EndGlobalSection
	GlobalSection(ProjectConfigurationPlatforms) = postSolution
		{36562A27-1C26-4DA8-9969-DCFC850AFC2E}.Debug|Any CPU.ActiveCfg = Debug|Any CPU
		{36562A27-1C26-4DA8-9969-DCFC850AFC2E}.Debug|Any CPU.Build.0 = Debug|Any CPU
		{36562A27-1C26-4DA8-9969-DCFC850AFC2E}.Release|Any CPU.ActiveCfg = Release|Any CPU
		{36562A27-1C26-4DA8-9969-DCFC850AFC2E}.Release|Any CPU.Build.0 = Release|Any CPU
	EndGlobalSection
	GlobalSection(SolutionProperties) = preSolution
		HideSolutionNode = FALSE
	EndGlobalSection
	GlobalSection(ExtensibilityGlobals) = postSolution
		SolutionGuid = {9C151F97-8BB5-4C29-99D0-382CDBC14FD4}
	EndGlobalSection
EndGlobal
